
Microsoft Visual Studio Solution File, Format Version 12.00
# Visual Studio Version 16
VisualStudioVersion = 16.0.30320.27
MinimumVisualStudioVersion = 10.0.40219.1
Project("{9A19103F-16F7-4668-BE54-9A1E7A4F7556}") = "LocationsApi", "LocationsApi\LocationsApi\LocationsApi.csproj", "{73693ED5-F6D7-4F75-868E-9F5FD4B2231C}"
EndProject
Project("{9A19103F-16F7-4668-BE54-9A1E7A4F7556}") = "LocationsApi.Domain", "LocationsApi\LocationsApi.Domain\LocationsApi.Domain.csproj", "{D41FF85A-1117-472C-AA07-0E638DDBC82B}"
EndProject
Project("{9A19103F-16F7-4668-BE54-9A1E7A4F7556}") = "LocationsApi.Infrastructure", "LocationsApi\LocationsApi.Infrastructure\LocationsApi.Infrastructure.csproj", "{633DEEE9-AFC1-4E40-B6BF-903E7C4A3B6F}"
EndProject
Project("{9A19103F-16F7-4668-BE54-9A1E7A4F7556}") = "LocationsApi.Persistence", "LocationsApi\LocationsApi.Persistence\LocationsApi.Persistence.csproj", "{5C35FD9A-0D8C-4F5A-B9B1-FA00498AFC1E}"
EndProject
Project("{9A19103F-16F7-4668-BE54-9A1E7A4F7556}") = "LocationsApi.Service", "LocationsApi\LocationsApi.Service\LocationsApi.Service.csproj", "{6017CC43-C685-4CC1-BF1D-8745665AE2DB}"
EndProject
Global
	GlobalSection(SolutionConfigurationPlatforms) = preSolution
		Debug|Any CPU = Debug|Any CPU
		Release|Any CPU = Release|Any CPU
	EndGlobalSection
	GlobalSection(ProjectConfigurationPlatforms) = postSolution
		{73693ED5-F6D7-4F75-868E-9F5FD4B2231C}.Debug|Any CPU.ActiveCfg = Debug|Any CPU
		{73693ED5-F6D7-4F75-868E-9F5FD4B2231C}.Debug|Any CPU.Build.0 = Debug|Any CPU
		{73693ED5-F6D7-4F75-868E-9F5FD4B2231C}.Release|Any CPU.ActiveCfg = Release|Any CPU
		{73693ED5-F6D7-4F75-868E-9F5FD4B2231C}.Release|Any CPU.Build.0 = Release|Any CPU
		{D41FF85A-1117-472C-AA07-0E638DDBC82B}.Debug|Any CPU.ActiveCfg = Debug|Any CPU
		{D41FF85A-1117-472C-AA07-0E638DDBC82B}.Debug|Any CPU.Build.0 = Debug|Any CPU
		{D41FF85A-1117-472C-AA07-0E638DDBC82B}.Release|Any CPU.ActiveCfg = Release|Any CPU
		{D41FF85A-1117-472C-AA07-0E638DDBC82B}.Release|Any CPU.Build.0 = Release|Any CPU
		{633DEEE9-AFC1-4E40-B6BF-903E7C4A3B6F}.Debug|Any CPU.ActiveCfg = Debug|Any CPU
		{633DEEE9-AFC1-4E40-B6BF-903E7C4A3B6F}.Debug|Any CPU.Build.0 = Debug|Any CPU
		{633DEEE9-AFC1-4E40-B6BF-903E7C4A3B6F}.Release|Any CPU.ActiveCfg = Release|Any CPU
		{633DEEE9-AFC1-4E40-B6BF-903E7C4A3B6F}.Release|Any CPU.Build.0 = Release|Any CPU
		{5C35FD9A-0D8C-4F5A-B9B1-FA00498AFC1E}.Debug|Any CPU.ActiveCfg = Debug|Any CPU
		{5C35FD9A-0D8C-4F5A-B9B1-FA00498AFC1E}.Debug|Any CPU.Build.0 = Debug|Any CPU
		{5C35FD9A-0D8C-4F5A-B9B1-FA00498AFC1E}.Release|Any CPU.ActiveCfg = Release|Any CPU
		{5C35FD9A-0D8C-4F5A-B9B1-FA00498AFC1E}.Release|Any CPU.Build.0 = Release|Any CPU
		{6017CC43-C685-4CC1-BF1D-8745665AE2DB}.Debug|Any CPU.ActiveCfg = Debug|Any CPU
		{6017CC43-C685-4CC1-BF1D-8745665AE2DB}.Debug|Any CPU.Build.0 = Debug|Any CPU
		{6017CC43-C685-4CC1-BF1D-8745665AE2DB}.Release|Any CPU.ActiveCfg = Release|Any CPU
		{6017CC43-C685-4CC1-BF1D-8745665AE2DB}.Release|Any CPU.Build.0 = Release|Any CPU
	EndGlobalSection
	GlobalSection(SolutionProperties) = preSolution
		HideSolutionNode = FALSE
	EndGlobalSection
	GlobalSection(ExtensibilityGlobals) = postSolution
		SolutionGuid = {39839A65-C54E-432A-91D0-C97BF6C295E6}
	EndGlobalSection
EndGlobal
